
Microsoft Visual Studio Solution File, Format Version 12.00
# Visual Studio 14
VisualStudioVersion = 14.0.25420.1
MinimumVisualStudioVersion = 10.0.40219.1
Project("{E24C65DC-7377-472B-9ABA-BC803B73C61A}") = "PortaleBaseModel", "PortaleBaseModel\", "{AC1B770D-C9BF-4A87-9A82-00A6A93B7FD5}"
	ProjectSection(WebsiteProperties) = preProject
		SccProjectName = ""
		SccAuxPath = ""
		SccLocalPath = ""
		SccProvider = ""
		TargetFrameworkMoniker = ".NETFramework,Version%3Dv4.0"
		ProjectReferences = "{83832BBC-64AD-4F93-9726-9678C027EA80}|WelcomeLibrary.dll;"
		Debug.AspNetCompiler.VirtualPath = "/PortaleBaseModel"
		Debug.AspNetCompiler.PhysicalPath = "PortaleBaseModel\"
		Debug.AspNetCompiler.TargetPath = "PrecompiledWeb\PortaleBaseModel\"
		Debug.AspNetCompiler.Updateable = "true"
		Debug.AspNetCompiler.ForceOverwrite = "true"
		Debug.AspNetCompiler.FixedNames = "true"
		Debug.AspNetCompiler.Debug = "True"
		Release.AspNetCompiler.VirtualPath = "/PortaleBaseModel"
		Release.AspNetCompiler.PhysicalPath = "PortaleBaseModel\"
		Release.AspNetCompiler.TargetPath = "PrecompiledWeb\PortaleBaseModel\"
		Release.AspNetCompiler.Updateable = "true"
		Release.AspNetCompiler.ForceOverwrite = "true"
		Release.AspNetCompiler.FixedNames = "true"
		Release.AspNetCompiler.Debug = "False"
		VWDPort = "52646"
		SlnRelativePath = "PortaleBaseModel\"
	EndProjectSection
EndProject
Project("{FAE04EC0-301F-11D3-BF4B-00C04F79EFBC}") = "WelcomeLibrary", "WelcomeLibrary\WelcomeLibrary.csproj", "{83832BBC-64AD-4F93-9726-9678C027EA80}"
EndProject
Project("{2150E333-8FDC-42A3-9474-1A3956D46DE8}") = "Solution Items", "Solution Items", "{15DA38A6-8504-4BA6-A79C-CB803B125D5E}"
	ProjectSection(SolutionItems) = preProject
		WE-browsers.xml = WE-browsers.xml
	EndProjectSection
EndProject
Global
	GlobalSection(SolutionConfigurationPlatforms) = preSolution
		Debug|Any CPU = Debug|Any CPU
		Debug|x86 = Debug|x86
		Release|Any CPU = Release|Any CPU
		Release|x86 = Release|x86
	EndGlobalSection
	GlobalSection(ProjectConfigurationPlatforms) = postSolution
		{AC1B770D-C9BF-4A87-9A82-00A6A93B7FD5}.Debug|Any CPU.ActiveCfg = Debug|Any CPU
		{AC1B770D-C9BF-4A87-9A82-00A6A93B7FD5}.Debug|Any CPU.Build.0 = Debug|Any CPU
		{AC1B770D-C9BF-4A87-9A82-00A6A93B7FD5}.Debug|x86.ActiveCfg = Debug|Any CPU
		{AC1B770D-C9BF-4A87-9A82-00A6A93B7FD5}.Debug|x86.Build.0 = Debug|Any CPU
		{AC1B770D-C9BF-4A87-9A82-00A6A93B7FD5}.Release|Any CPU.ActiveCfg = Debug|Any CPU
		{AC1B770D-C9BF-4A87-9A82-00A6A93B7FD5}.Release|Any CPU.Build.0 = Debug|Any CPU
		{AC1B770D-C9BF-4A87-9A82-00A6A93B7FD5}.Release|x86.ActiveCfg = Debug|Any CPU
		{AC1B770D-C9BF-4A87-9A82-00A6A93B7FD5}.Release|x86.Build.0 = Debug|Any CPU
		{83832BBC-64AD-4F93-9726-9678C027EA80}.Debug|Any CPU.ActiveCfg = Debug|Any CPU
		{83832BBC-64AD-4F93-9726-9678C027EA80}.Debug|Any CPU.Build.0 = Debug|Any CPU
		{83832BBC-64AD-4F93-9726-9678C027EA80}.Debug|x86.ActiveCfg = Debug|x86
		{83832BBC-64AD-4F93-9726-9678C027EA80}.Debug|x86.Build.0 = Debug|x86
		{83832BBC-64AD-4F93-9726-9678C027EA80}.Release|Any CPU.ActiveCfg = Release|Any CPU
		{83832BBC-64AD-4F93-9726-9678C027EA80}.Release|Any CPU.Build.0 = Release|Any CPU
		{83832BBC-64AD-4F93-9726-9678C027EA80}.Release|x86.ActiveCfg = Release|x86
		{83832BBC-64AD-4F93-9726-9678C027EA80}.Release|x86.Build.0 = Release|x86
	EndGlobalSection
	GlobalSection(SolutionProperties) = preSolution
		HideSolutionNode = FALSE
	EndGlobalSection
EndGlobal
